
Microsoft Visual Studio Solution File, Format Version 12.00
# Visual Studio Version 17
VisualStudioVersion = 17.0.31903.59
MinimumVisualStudioVersion = 10.0.40219.1
Project("{2150E333-8FDC-42A3-9474-1A3956D46DE8}") = "src", "src", "{47DA6870-CEFD-4CB4-8B5E-CCC8EB5EC8D8}"
EndProject
Project("{FAE04EC0-301F-11D3-BF4B-00C04F79EFBC}") = "PC.Elevators.Otis.EView", "src\PC.Elevators.Otis.EView\PC.Elevators.Otis.EView.csproj", "{3E650BF5-29E5-49C9-8BB6-13A399AC77AA}"
EndProject
Project("{2150E333-8FDC-42A3-9474-1A3956D46DE8}") = "samples", "samples", "{BE404737-6541-4D60-8BD8-2F7FB2459103}"
EndProject
Project("{FAE04EC0-301F-11D3-BF4B-00C04F79EFBC}") = "EViewSample", "samples\EViewSample\EViewSample.csproj", "{BDC3D0B2-2A05-45C1-ABB9-469E5CE529B6}"
EndProject
Global
	GlobalSection(SolutionConfigurationPlatforms) = preSolution
		Debug|Any CPU = Debug|Any CPU
		Release|Any CPU = Release|Any CPU
	EndGlobalSection
	GlobalSection(SolutionProperties) = preSolution
		HideSolutionNode = FALSE
	EndGlobalSection
	GlobalSection(ProjectConfigurationPlatforms) = postSolution
		{3E650BF5-29E5-49C9-8BB6-13A399AC77AA}.Debug|Any CPU.ActiveCfg = Debug|Any CPU
		{3E650BF5-29E5-49C9-8BB6-13A399AC77AA}.Debug|Any CPU.Build.0 = Debug|Any CPU
		{3E650BF5-29E5-49C9-8BB6-13A399AC77AA}.Release|Any CPU.ActiveCfg = Release|Any CPU
		{3E650BF5-29E5-49C9-8BB6-13A399AC77AA}.Release|Any CPU.Build.0 = Release|Any CPU
		{BDC3D0B2-2A05-45C1-ABB9-469E5CE529B6}.Debug|Any CPU.ActiveCfg = Debug|Any CPU
		{BDC3D0B2-2A05-45C1-ABB9-469E5CE529B6}.Debug|Any CPU.Build.0 = Debug|Any CPU
		{BDC3D0B2-2A05-45C1-ABB9-469E5CE529B6}.Release|Any CPU.ActiveCfg = Release|Any CPU
		{BDC3D0B2-2A05-45C1-ABB9-469E5CE529B6}.Release|Any CPU.Build.0 = Release|Any CPU
	EndGlobalSection
	GlobalSection(NestedProjects) = preSolution
		{3E650BF5-29E5-49C9-8BB6-13A399AC77AA} = {47DA6870-CEFD-4CB4-8B5E-CCC8EB5EC8D8}
		{BDC3D0B2-2A05-45C1-ABB9-469E5CE529B6} = {BE404737-6541-4D60-8BD8-2F7FB2459103}
	EndGlobalSection
EndGlobal
